<?xml version="1.0" encoding="utf-8"?>
<Project ToolsVersion="4.0" xmlns="http://schemas.microsoft.com/developer/msbuild/2003">
  <ItemGroup>
    <Filter Include="源文件">
      <UniqueIdentifier>{4FC737F1-C7A5-4376-A066-2A32D752A2FF}</UniqueIdentifier>
      <Extensions>cpp;c;cc;cxx;def;odl;idl;hpj;bat;asm;asmx</Extensions>
    </Filter>
    <Filter Include="头文件">
      <UniqueIdentifier>{93995380-89BD-4b04-88EB-625FBE52EBFB}</UniqueIdentifier>
      <Extensions>h;hpp;hxx;hm;inl;inc;xsd</Extensions>
    </Filter>
    <Filter Include="资源文件">
      <UniqueIdentifier>{67DA6AB6-F800-4c08-8B7A-83BB121AAD01}</UniqueIdentifier>
      <Extensions>rc;ico;cur;bmp;dlg;rc2;rct;bin;rgs;gif;jpg;jpeg;jpe;resx;tiff;tif;png;wav;mfcribbon-ms</Extensions>
    </Filter>
    <Filter Include="ui">
      <UniqueIdentifier>{d608fa96-7b9c-48e9-9017-69deedce2e10}</UniqueIdentifier>
    </Filter>
    <Filter Include="IM">
      <UniqueIdentifier>{ea9dc860-02d6-4f00-bc26-2a7a38bdeef6}</UniqueIdentifier>
    </Filter>
    <Filter Include="unity">
      <UniqueIdentifier>{6b416aa6-95f3-4205-b282-21abadf37f63}</UniqueIdentifier>
    </Filter>
    <Filter Include="json">
      <UniqueIdentifier>{4f1624b4-f550-465f-b4ca-faac0162aabc}</UniqueIdentifier>
    </Filter>
    <Filter Include="Message">
      <UniqueIdentifier>{596c4b94-c640-4d97-9457-0fdcbe1ed287}</UniqueIdentifier>
    </Filter>
  </ItemGroup>
  <ItemGroup>
    <None Include="ReadMe.txt" />
    <None Include="ui\RichEditDemoRes.zip" />
    <None Include="ui\Face.zip" />
  </ItemGroup>
  <ItemGroup>
    <ClInclude Include="stdafx.h">
      <Filter>头文件</Filter>
    </ClInclude>
    <ClInclude Include="targetver.h">
      <Filter>头文件</Filter>
    </ClInclude>
    <ClInclude Include="ui\win_impl_base.h">
      <Filter>ui</Filter>
    </ClInclude>
    <ClInclude Include="resource.h">
      <Filter>头文件</Filter>
    </ClInclude>
    <ClInclude Include="ChatdlgAPI.h">
      <Filter>头文件</Filter>
    </ClInclude>
    <ClInclude Include="ChatThread.h">
      <Filter>头文件</Filter>
    </ClInclude>
    <ClInclude Include="ui\FaceList.h">
      <Filter>ui</Filter>
    </ClInclude>
    <ClInclude Include="unity\XmlDocument.h">
      <Filter>头文件</Filter>
    </ClInclude>
    <ClInclude Include="ui\FaceCtrl.h">
      <Filter>ui</Filter>
    </ClInclude>
    <ClInclude Include="ui\FaceSelDlg.h">
      <Filter>ui</Filter>
    </ClInclude>
    <ClInclude Include="ui\GifImage.h">
      <Filter>ui</Filter>
    </ClInclude>
    <ClInclude Include="ui\FileDialogEx.h">
      <Filter>ui</Filter>
    </ClInclude>
    <ClInclude Include="ui\RichEditUtil.h">
      <Filter>ui</Filter>
    </ClInclude>
    <ClInclude Include="ui\IImageOle.h">
      <Filter>ui</Filter>
    </ClInclude>
    <ClInclude Include="ui\FontInfo.h">
      <Filter>ui</Filter>
    </ClInclude>
    <ClInclude Include="ui\PicBarDlg.h">
      <Filter>ui</Filter>
    </ClInclude>
    <ClInclude Include="ui\UIMenu.h">
      <Filter>ui</Filter>
    </ClInclude>
    <ClInclude Include="ui\UICrack.h">
      <Filter>ui</Filter>
    </ClInclude>
    <ClInclude Include="ui\observer_impl_base.hpp">
      <Filter>ui</Filter>
    </ClInclude>
    <ClInclude Include="ui\ButtonExUI.h">
      <Filter>ui</Filter>
    </ClInclude>
    <ClInclude Include="IMlibs\c_includes\tim_c.h">
      <Filter>IM</Filter>
    </ClInclude>
    <ClInclude Include="IMlibs\c_includes\tim_comm_c.h">
      <Filter>IM</Filter>
    </ClInclude>
    <ClInclude Include="IMlibs\c_includes\tim_conv_c.h">
      <Filter>IM</Filter>
    </ClInclude>
    <ClInclude Include="IMlibs\c_includes\tim_friend_c.h">
      <Filter>IM</Filter>
    </ClInclude>
    <ClInclude Include="IMlibs\c_includes\tim_group_c.h">
      <Filter>IM</Filter>
    </ClInclude>
    <ClInclude Include="IMlibs\c_includes\tim_int_c.h">
      <Filter>IM</Filter>
    </ClInclude>
    <ClInclude Include="IMlibs\c_includes\tim_msg_c.h">
      <Filter>IM</Filter>
    </ClInclude>
    <ClInclude Include="IMlibs\c_includes\tim_relay_c.h">
      <Filter>IM</Filter>
    </ClInclude>
    <ClInclude Include="IMlibs\c_includes\tim_status_c.h">
      <Filter>IM</Filter>
    </ClInclude>
    <ClInclude Include="IMlibs\c_includes\tim_wrapper.h">
      <Filter>IM</Filter>
    </ClInclude>
    <ClInclude Include="ImChat.h">
      <Filter>头文件</Filter>
    </ClInclude>
    <ClInclude Include="ChatCBImpl.h">
      <Filter>头文件</Filter>
    </ClInclude>
    <ClInclude Include="unity\inttype.h">
      <Filter>unity</Filter>
    </ClInclude>
    <ClInclude Include="unity\kpacket.h">
      <Filter>unity</Filter>
    </ClInclude>
    <ClInclude Include="unity\CommonDef.h">
      <Filter>unity</Filter>
    </ClInclude>
    <ClInclude Include="ChatWindowMsgHandle.h">
      <Filter>头文件</Filter>
    </ClInclude>
    <ClInclude Include="unity\Utils.h">
      <Filter>unity</Filter>
    </ClInclude>
    <ClInclude Include="unity\Path.h">
      <Filter>unity</Filter>
    </ClInclude>
    <ClInclude Include="ui\BaseWindow.h">
      <Filter>ui</Filter>
    </ClInclude>
    <ClInclude Include="UserChatWindow.h">
      <Filter>头文件</Filter>
    </ClInclude>
    <ClInclude Include="WorkMateWindow.h">
      <Filter>头文件</Filter>
    </ClInclude>
    <ClInclude Include="ui\ManageChatWindow.h">
      <Filter>ui</Filter>
    </ClInclude>
    <ClInclude Include="ui\MessageNotifyWindow.h">
      <Filter>ui</Filter>
    </ClInclude>
    <ClInclude Include="json\autolink.h">
      <Filter>json</Filter>
    </ClInclude>
    <ClInclude Include="json\config.h">
      <Filter>json</Filter>
    </ClInclude>
    <ClInclude Include="json\features.h">
      <Filter>json</Filter>
    </ClInclude>
    <ClInclude Include="json\forwards.h">
      <Filter>json</Filter>
    </ClInclude>
    <ClInclude Include="json\json.h">
      <Filter>json</Filter>
    </ClInclude>
    <ClInclude Include="json\json_batchallocator.h">
      <Filter>json</Filter>
    </ClInclude>
    <ClInclude Include="json\reader.h">
      <Filter>json</Filter>
    </ClInclude>
    <ClInclude Include="json\value.h">
      <Filter>json</Filter>
    </ClInclude>
    <ClInclude Include="json\writer.h">
      <Filter>json</Filter>
    </ClInclude>
    <ClInclude Include="message\MessageQueue.h">
      <Filter>Message</Filter>
    </ClInclude>
    <ClInclude Include="message\Sender.h">
      <Filter>Message</Filter>
    </ClInclude>
    <ClInclude Include="message\Receiver.h">
      <Filter>Message</Filter>
    </ClInclude>
    <ClInclude Include="message\Dispatcher.h">
      <Filter>头文件</Filter>
    </ClInclude>
    <ClInclude Include="unity\unzip.h">
      <Filter>unity</Filter>
    </ClInclude>
  </ItemGroup>
  <ItemGroup>
    <ClCompile Include="stdafx.cpp">
      <Filter>源文件</Filter>
    </ClCompile>
    <ClCompile Include="chatDlg.cpp">
      <Filter>源文件</Filter>
    </ClCompile>
    <ClCompile Include="dllmain.cpp">
      <Filter>源文件</Filter>
    </ClCompile>
    <ClCompile Include="ui\win_impl_base.cpp">
      <Filter>ui</Filter>
    </ClCompile>
    <ClCompile Include="ChatdlgAPI.cpp">
      <Filter>源文件</Filter>
    </ClCompile>
    <ClCompile Include="ChatThread.cpp">
      <Filter>源文件</Filter>
    </ClCompile>
    <ClCompile Include="ui\FaceList.cpp">
      <Filter>ui</Filter>
    </ClCompile>
    <ClCompile Include="unity\XmlDocument.cpp">
      <Filter>源文件</Filter>
    </ClCompile>
    <ClCompile Include="ui\FaceCtrl.cpp">
      <Filter>ui</Filter>
    </ClCompile>
    <ClCompile Include="ui\FaceSelDlg.cpp">
      <Filter>ui</Filter>
    </ClCompile>
    <ClCompile Include="ui\GifImage.cpp">
      <Filter>ui</Filter>
    </ClCompile>
    <ClCompile Include="ui\FileDialogEx.cpp">
      <Filter>ui</Filter>
    </ClCompile>
    <ClCompile Include="ui\RichEditUtil.cpp">
      <Filter>ui</Filter>
    </ClCompile>
    <ClCompile Include="ui\FontInfo.cpp">
      <Filter>ui</Filter>
    </ClCompile>
    <ClCompile Include="ui\PicBarDlg.cpp">
      <Filter>ui</Filter>
    </ClCompile>
    <ClCompile Include="ui\UIMenu.cpp">
      <Filter>ui</Filter>
    </ClCompile>
    <ClCompile Include="ui\UICrack.cpp">
      <Filter>ui</Filter>
    </ClCompile>
    <ClCompile Include="ui\ButtonExUI.cpp">
      <Filter>ui</Filter>
    </ClCompile>
    <ClCompile Include="ImChat.cpp">
      <Filter>源文件</Filter>
    </ClCompile>
    <ClCompile Include="ChatCBImpl.cpp">
      <Filter>源文件</Filter>
    </ClCompile>
    <ClCompile Include="ChatWindowMsgHandle.cpp">
      <Filter>源文件</Filter>
    </ClCompile>
    <ClCompile Include="unity\Utils.cpp">
      <Filter>unity</Filter>
    </ClCompile>
    <ClCompile Include="unity\Path.cpp">
      <Filter>unity</Filter>
    </ClCompile>
    <ClCompile Include="ui\BaseWindow.cpp">
      <Filter>ui</Filter>
    </ClCompile>
    <ClCompile Include="UserChatWindow.cpp">
      <Filter>源文件</Filter>
    </ClCompile>
    <ClCompile Include="WorkMateWindow.cpp">
      <Filter>源文件</Filter>
    </ClCompile>
    <ClCompile Include="ui\ManageChatWindow.cpp">
      <Filter>ui</Filter>
    </ClCompile>
    <ClCompile Include="ui\MessageNotifyWindow.cpp">
      <Filter>ui</Filter>
    </ClCompile>
    <ClCompile Include="json\json_reader.cpp">
      <Filter>json</Filter>
    </ClCompile>
    <ClCompile Include="json\json_value.cpp">
      <Filter>json</Filter>
    </ClCompile>
    <ClCompile Include="json\json_writer.cpp">
      <Filter>json</Filter>
    </ClCompile>
    <ClCompile Include="message\MessageQueue.cpp">
      <Filter>Message</Filter>
    </ClCompile>
    <ClCompile Include="message\Sender.cpp">
      <Filter>Message</Filter>
    </ClCompile>
    <ClCompile Include="message\Receiver.cpp">
      <Filter>Message</Filter>
    </ClCompile>
    <ClCompile Include="message\Dispatcher.cpp">
      <Filter>源文件</Filter>
    </ClCompile>
    <ClCompile Include="unity\unzip.cpp">
      <Filter>unity</Filter>
    </ClCompile>
  </ItemGroup>
  <ItemGroup>
    <ResourceCompile Include="chatDlg.rc">
      <Filter>资源文件</Filter>
    </ResourceCompile>
  </ItemGroup>
  <ItemGroup>
    <Image Include="res\MainLogo.ico">
      <Filter>资源文件</Filter>
    </Image>
  </ItemGroup>
</Project>